{
    "version": 3,
    "terraform_version": "0.11.3",
    "serial": 2,
    "lineage": "df2b91f5-4d6d-48d6-bc93-899ada1599c7",
    "modules": [
        {
            "path": [
                "root"
            ],
            "outputs": {},
            "resources": {
                "aws_codebuild_project.code-build-test-project": {
                    "type": "aws_codebuild_project",
                    "depends_on": [
                        "aws_iam_role.codebuild_role"
                    ],
                    "primary": {
                        "id": "arn:aws:codebuild:us-east-1:989050916193:project/code-build-test-project",
                        "attributes": {
                            "artifacts.#": "1",
                            "artifacts.1178773975.location": "",
                            "artifacts.1178773975.name": "",
                            "artifacts.1178773975.namespace_type": "",
                            "artifacts.1178773975.packaging": "",
                            "artifacts.1178773975.path": "",
                            "artifacts.1178773975.type": "NO_ARTIFACTS",
                            "build_timeout": "5",
                            "description": "Learn how to use CodeBuild for java project (nutrienrob/code-pipeline-test).",
                            "encryption_key": "arn:aws:kms:us-east-1:989050916193:alias/aws/s3",
                            "environment.#": "1",
                            "environment.1974383098.compute_type": "BUILD_GENERAL1_SMALL",
                            "environment.1974383098.environment_variable.#": "0",
                            "environment.1974383098.image": "2",
                            "environment.1974383098.privileged_mode": "false",
                            "environment.1974383098.type": "LINUX_CONTAINER",
                            "id": "arn:aws:codebuild:us-east-1:989050916193:project/code-build-test-project",
                            "name": "code-build-test-project",
                            "service_role": "arn:aws:iam::989050916193:role/codebuild-role",
                            "source.#": "1",
                            "source.1344554134.auth.#": "0",
                            "source.1344554134.buildspec": "",
                            "source.1344554134.location": "https://github.com/nutrienrob/code-pipeline-test.git",
                            "source.1344554134.type": "GITHUB",
                            "tags.%": "0"
                        },
                        "meta": {},
                        "tainted": false
                    },
                    "deposed": [],
                    "provider": "provider.aws"
                },
                "aws_iam_policy.codebuild_policy": {
                    "type": "aws_iam_policy",
                    "depends_on": [],
                    "primary": {
                        "id": "arn:aws:iam::989050916193:policy/service-role/codebuild-policy",
                        "attributes": {
                            "arn": "arn:aws:iam::989050916193:policy/service-role/codebuild-policy",
                            "description": "Policy used in trust relationship with CodeBuild",
                            "id": "arn:aws:iam::989050916193:policy/service-role/codebuild-policy",
                            "name": "codebuild-policy",
                            "path": "/service-role/",
                            "policy": "{\n  \"Version\": \"2012-10-17\",\n  \"Statement\": [\n    {\n      \"Effect\": \"Allow\",\n      \"Resource\": [\n        \"*\"\n      ],\n      \"Action\": [\n        \"logs:CreateLogGroup\",\n        \"logs:CreateLogStream\",\n        \"logs:PutLogEvents\"\n      ]\n    }\n  ]\n}\n"
                        },
                        "meta": {},
                        "tainted": false
                    },
                    "deposed": [],
                    "provider": "provider.aws"
                },
                "aws_iam_policy_attachment.codebuild_policy_attachment": {
                    "type": "aws_iam_policy_attachment",
                    "depends_on": [
                        "aws_iam_policy.codebuild_policy",
                        "aws_iam_role.codebuild_role"
                    ],
                    "primary": {
                        "id": "codebuild-policy-attachment",
                        "attributes": {
                            "groups.#": "0",
                            "id": "codebuild-policy-attachment",
                            "name": "codebuild-policy-attachment",
                            "policy_arn": "arn:aws:iam::989050916193:policy/service-role/codebuild-policy",
                            "roles.#": "1",
                            "roles.853445898": "codebuild-role",
                            "users.#": "0"
                        },
                        "meta": {},
                        "tainted": false
                    },
                    "deposed": [],
                    "provider": "provider.aws"
                },
                "aws_iam_role.codebuild_role": {
                    "type": "aws_iam_role",
                    "depends_on": [],
                    "primary": {
                        "id": "codebuild-role",
                        "attributes": {
                            "arn": "arn:aws:iam::989050916193:role/codebuild-role",
                            "assume_role_policy": "{\"Version\":\"2012-10-17\",\"Statement\":[{\"Effect\":\"Allow\",\"Principal\":{\"Service\":\"codebuild.amazonaws.com\"},\"Action\":\"sts:AssumeRole\"}]}",
                            "create_date": "2018-02-04T15:00:23Z",
                            "force_detach_policies": "false",
                            "id": "codebuild-role",
                            "name": "codebuild-role",
                            "path": "/",
                            "unique_id": "AROAIQHZVKOQCLZDHLDTS"
                        },
                        "meta": {},
                        "tainted": false
                    },
                    "deposed": [],
                    "provider": "provider.aws"
                }
            },
            "depends_on": []
        }
    ]
}
